
Microsoft Visual Studio Solution File, Format Version 10.00
# Visual Studio 2008
Project("{E24C65DC-7377-472B-9ABA-BC803B73C61A}") = "ProvinceService", "..\ProvinceService", "{63F88216-0F3A-4C0F-81CC-0F68038D0BFF}"
	ProjectSection(WebsiteProperties) = preProject
		TargetFramework = "3.0"
		Debug.AspNetCompiler.VirtualPath = "/ProvinceService"
		Debug.AspNetCompiler.PhysicalPath = "..\ProvinceService\"
		Debug.AspNetCompiler.TargetPath = "PrecompiledWeb\ProvinceService\"
		Debug.AspNetCompiler.Updateable = "true"
		Debug.AspNetCompiler.ForceOverwrite = "true"
		Debug.AspNetCompiler.FixedNames = "false"
		Debug.AspNetCompiler.Debug = "True"
		Release.AspNetCompiler.VirtualPath = "/ProvinceService"
		Release.AspNetCompiler.PhysicalPath = "..\ProvinceService\"
		Release.AspNetCompiler.TargetPath = "PrecompiledWeb\ProvinceService\"
		Release.AspNetCompiler.Updateable = "true"
		Release.AspNetCompiler.ForceOverwrite = "true"
		Release.AspNetCompiler.FixedNames = "false"
		Release.AspNetCompiler.Debug = "False"
		VWDPort = "52730"
		DefaultWebSiteLanguage = "Visual C#"
	EndProjectSection
EndProject
Global
	GlobalSection(SolutionConfigurationPlatforms) = preSolution
		Debug|Any CPU = Debug|Any CPU
	EndGlobalSection
	GlobalSection(ProjectConfigurationPlatforms) = postSolution
		{63F88216-0F3A-4C0F-81CC-0F68038D0BFF}.Debug|Any CPU.ActiveCfg = Debug|Any CPU
		{63F88216-0F3A-4C0F-81CC-0F68038D0BFF}.Debug|Any CPU.Build.0 = Debug|Any CPU
	EndGlobalSection
	GlobalSection(SolutionProperties) = preSolution
		HideSolutionNode = FALSE
	EndGlobalSection
EndGlobal
